
Microsoft Visual Studio Solution File, Format Version 12.00
# Visual Studio Version 16
VisualStudioVersion = 16.0.29609.76
MinimumVisualStudioVersion = 15.0.26124.0
Project("{FAE04EC0-301F-11D3-BF4B-00C04F79EFBC}") = "ServiceWorkerCronJobDemo", "ServiceWorkerCronJobDemo\ServiceWorkerCronJobDemo.csproj", "{B82EDA18-CDF0-4C13-B808-4D9DA73A88A7}"
EndProject
Global
	GlobalSection(SolutionConfigurationPlatforms) = preSolution
		Debug|Any CPU = Debug|Any CPU
		Debug|x64 = Debug|x64
		Debug|x86 = Debug|x86
		Release|Any CPU = Release|Any CPU
		Release|x64 = Release|x64
		Release|x86 = Release|x86
	EndGlobalSection
	GlobalSection(ProjectConfigurationPlatforms) = postSolution
		{B82EDA18-CDF0-4C13-B808-4D9DA73A88A7}.Debug|Any CPU.ActiveCfg = Debug|Any CPU
		{B82EDA18-CDF0-4C13-B808-4D9DA73A88A7}.Debug|Any CPU.Build.0 = Debug|Any CPU
		{B82EDA18-CDF0-4C13-B808-4D9DA73A88A7}.Debug|x64.ActiveCfg = Debug|Any CPU
		{B82EDA18-CDF0-4C13-B808-4D9DA73A88A7}.Debug|x64.Build.0 = Debug|Any CPU
		{B82EDA18-CDF0-4C13-B808-4D9DA73A88A7}.Debug|x86.ActiveCfg = Debug|Any CPU
		{B82EDA18-CDF0-4C13-B808-4D9DA73A88A7}.Debug|x86.Build.0 = Debug|Any CPU
		{B82EDA18-CDF0-4C13-B808-4D9DA73A88A7}.Release|Any CPU.ActiveCfg = Release|Any CPU
		{B82EDA18-CDF0-4C13-B808-4D9DA73A88A7}.Release|Any CPU.Build.0 = Release|Any CPU
		{B82EDA18-CDF0-4C13-B808-4D9DA73A88A7}.Release|x64.ActiveCfg = Release|Any CPU
		{B82EDA18-CDF0-4C13-B808-4D9DA73A88A7}.Release|x64.Build.0 = Release|Any CPU
		{B82EDA18-CDF0-4C13-B808-4D9DA73A88A7}.Release|x86.ActiveCfg = Release|Any CPU
		{B82EDA18-CDF0-4C13-B808-4D9DA73A88A7}.Release|x86.Build.0 = Release|Any CPU
	EndGlobalSection
	GlobalSection(SolutionProperties) = preSolution
		HideSolutionNode = FALSE
	EndGlobalSection
	GlobalSection(ExtensibilityGlobals) = postSolution
		SolutionGuid = {6C804728-BEF0-4F26-88E0-08C15C379B7A}
	EndGlobalSection
EndGlobal
